
Microsoft Visual Studio Solution File, Format Version 12.00
# Visual Studio Version 16
VisualStudioVersion = 16.0.33214.272
MinimumVisualStudioVersion = 10.0.40219.1
Project("{FAE04EC0-301F-11D3-BF4B-00C04F79EFBC}") = "TicketsScanner", "TicketsScanner.csproj", "{04DF9E07-6F07-4D35-9A0C-838C3654F6BE}"
EndProject
Project("{FAE04EC0-301F-11D3-BF4B-00C04F79EFBC}") = "ConsoleApp3", "..\ConsoleApp3\ConsoleApp3.csproj", "{0F14D796-E959-4179-8BD2-1F7C906C88F1}"
EndProject
Global
	GlobalSection(SolutionConfigurationPlatforms) = preSolution
		Debug|Any CPU = Debug|Any CPU
		Release|Any CPU = Release|Any CPU
	EndGlobalSection
	GlobalSection(ProjectConfigurationPlatforms) = postSolution
		{04DF9E07-6F07-4D35-9A0C-838C3654F6BE}.Debug|Any CPU.ActiveCfg = Debug|Any CPU
		{04DF9E07-6F07-4D35-9A0C-838C3654F6BE}.Debug|Any CPU.Build.0 = Debug|Any CPU
		{04DF9E07-6F07-4D35-9A0C-838C3654F6BE}.Release|Any CPU.ActiveCfg = Release|Any CPU
		{04DF9E07-6F07-4D35-9A0C-838C3654F6BE}.Release|Any CPU.Build.0 = Release|Any CPU
		{0F14D796-E959-4179-8BD2-1F7C906C88F1}.Debug|Any CPU.ActiveCfg = Debug|Any CPU
		{0F14D796-E959-4179-8BD2-1F7C906C88F1}.Debug|Any CPU.Build.0 = Debug|Any CPU
		{0F14D796-E959-4179-8BD2-1F7C906C88F1}.Release|Any CPU.ActiveCfg = Release|Any CPU
		{0F14D796-E959-4179-8BD2-1F7C906C88F1}.Release|Any CPU.Build.0 = Release|Any CPU
	EndGlobalSection
	GlobalSection(SolutionProperties) = preSolution
		HideSolutionNode = FALSE
	EndGlobalSection
	GlobalSection(ExtensibilityGlobals) = postSolution
		SolutionGuid = {883D81E3-39BF-49F5-8D0F-54EBA90D0519}
	EndGlobalSection
EndGlobal
